
Microsoft Visual Studio Solution File, Format Version 12.00
# Visual Studio Version 16
VisualStudioVersion = 16.0.29418.71
MinimumVisualStudioVersion = 10.0.40219.1
Project("{FAE04EC0-301F-11D3-BF4B-00C04F79EFBC}") = "quiz", "quiz\quiz.csproj", "{F27A8F42-4C94-4247-ACD1-D0430149499A}"
EndProject
Global
	GlobalSection(SolutionConfigurationPlatforms) = preSolution
		Debug|Any CPU = Debug|Any CPU
		Release|Any CPU = Release|Any CPU
	EndGlobalSection
	GlobalSection(ProjectConfigurationPlatforms) = postSolution
		{F27A8F42-4C94-4247-ACD1-D0430149499A}.Debug|Any CPU.ActiveCfg = Debug|Any CPU
		{F27A8F42-4C94-4247-ACD1-D0430149499A}.Debug|Any CPU.Build.0 = Debug|Any CPU
		{F27A8F42-4C94-4247-ACD1-D0430149499A}.Release|Any CPU.ActiveCfg = Release|Any CPU
		{F27A8F42-4C94-4247-ACD1-D0430149499A}.Release|Any CPU.Build.0 = Release|Any CPU
	EndGlobalSection
	GlobalSection(SolutionProperties) = preSolution
		HideSolutionNode = FALSE
	EndGlobalSection
	GlobalSection(ExtensibilityGlobals) = postSolution
		SolutionGuid = {63C359EC-CBB8-45E5-A758-916300142446}
	EndGlobalSection
EndGlobal
